PODS:
  - Flutter (1.0.0)
  - thinking_analytics (1.2.0):
    - Flutter
    - ThinkingSDK (= 2.5.5)
  - ThinkingSDK (2.5.5):
    - ThinkingSDK/Core (= 2.5.5)
  - ThinkingSDK/Core (2.5.5)

DEPENDENCIES:
  - Flutter (from `Flutter`)
  - thinking_analytics (from `.symlinks/plugins/thinking_analytics/ios`)

SPEC REPOS:
  trunk:
    - ThinkingSDK

EXTERNAL SOURCES:
  Flutter:
    :path: Flutter
  thinking_analytics:
    :path: ".symlinks/plugins/thinking_analytics/ios"

SPEC CHECKSUMS:
  Flutter: 0e3d915762c693b495b44d77113d4970485de6ec
  thinking_analytics: e72a15b952f5d4c9c939a1e7d786a3fb88713701
  ThinkingSDK: 09d0a5672ecc0aef26ef7261309d92cca668c9db

PODFILE CHECKSUM: 3dbe063e9c90a5d7c9e4e76e70a821b9e2c1d271

COCOAPODS: 1.9.0
